PODS:
  - Google-Mobile-Ads-SDK (7.38.0)
  - Kingfisher (5.1.0)
  - ReachabilitySwift (4.3.0)
  - SVProgressHUD (2.2.5)

DEPENDENCIES:
  - Google-Mobile-Ads-SDK
  - Kingfisher
  - ReachabilitySwift
  - SVProgressHUD

SPEC REPOS:
  https://github.com/cocoapods/specs.git:
    - Google-Mobile-Ads-SDK
    - Kingfisher
    - ReachabilitySwift
    - SVProgressHUD

SPEC CHECKSUMS:
  Google-Mobile-Ads-SDK: fec4a72b71a81302d3fd75454df3417c03c50ed5
  Kingfisher: fcec238063d17404fca89bf0a850583211c4cbf6
  ReachabilitySwift: 408477d1b6ed9779dba301953171e017c31241f3
  SVProgressHUD: 1428aafac632c1f86f62aa4243ec12008d7a51d6

PODFILE CHECKSUM: f382f966505f84eb5da384dd2f480bd836c132e7

COCOAPODS: 1.5.3
