PODS:
  - Alamofire (4.8.1)
  - AudioIndicatorBars (0.0.2)
  - FRadioPlayer (0.1.16)
  - Google-Mobile-Ads-SDK (7.38.0)
  - Kingfisher (5.1.0)
  - ReachabilitySwift (4.3.0)
  - StreamingKit (0.1.30)
  - SVProgressHUD (2.2.5)

DEPENDENCIES:
  - Alamofire
  - AudioIndicatorBars (~> 0.0.2)
  - FRadioPlayer
  - Google-Mobile-Ads-SDK
  - Kingfisher
  - ReachabilitySwift
  - StreamingKit
  - SVProgressHUD

SPEC REPOS:
  https://github.com/cocoapods/specs.git:
    - Alamofire
    - AudioIndicatorBars
    - FRadioPlayer
    - Google-Mobile-Ads-SDK
    - Kingfisher
    - ReachabilitySwift
    - StreamingKit
    - SVProgressHUD

SPEC CHECKSUMS:
  Alamofire: 16ce2c353fb72865124ddae8a57c5942388f4f11
  AudioIndicatorBars: 10bf47c8422578dab5046e795a85a0f9b292d57d
  FRadioPlayer: 6425216ab37cb5bf9878eb47347327fb53e5c657
  Google-Mobile-Ads-SDK: fec4a72b71a81302d3fd75454df3417c03c50ed5
  Kingfisher: fcec238063d17404fca89bf0a850583211c4cbf6
  ReachabilitySwift: 408477d1b6ed9779dba301953171e017c31241f3
  StreamingKit: 70ca8608c206864b4d54a577eacb3c8bf7c72209
  SVProgressHUD: 1428aafac632c1f86f62aa4243ec12008d7a51d6

PODFILE CHECKSUM: b60d162ade1124ec3d495616e21a6d17e42bcded

COCOAPODS: 1.7.2
